// !$*UTF8*$!
{
	archiveVersion = 1;
	classes = {
	};
	objectVersion = 46;
	objects = {

/* Begin PBXBuildFile section */
		13B70A371B8E130C001F2D81 /* main.m in Sources */ = {isa = PBXBuildFile; fileRef = 13B70A361B8E130C001F2D81 /* main.m */; };
		13B70A3A1B8E130C001F2D81 /* AppDelegate.m in Sources */ = {isa = PBXBuildFile; fileRef = 13B70A391B8E130C001F2D81 /* AppDelegate.m */; };
		13B70A3D1B8E130C001F2D81 /* ViewController.m in Sources */ = {isa = PBXBuildFile; fileRef = 13B70A3C1B8E130C001F2D81 /* ViewController.m */; };
		13B70A401B8E130C001F2D81 /* Main.storyboard in Resources */ = {isa = PBXBuildFile; fileRef = 13B70A3E1B8E130C001F2D81 /* Main.storyboard */; };
		13B70A421B8E130C001F2D81 /* Images.xcassets in Resources */ = {isa = PBXBuildFile; fileRef = 13B70A411B8E130C001F2D81 /* Images.xcassets */; };
		13B70A451B8E130C001F2D81 /* LaunchScreen.xib in Resources */ = {isa = PBXBuildFile; fileRef = 13B70A431B8E130C001F2D81 /* LaunchScreen.xib */; };
		13B70A511B8E130C001F2D81 /* AppATests.m in Sources */ = {isa = PBXBuildFile; fileRef = 13B70A501B8E130C001F2D81 /* AppATests.m */; };
/* End PBXBuildFile section */

/* Begin PBXContainerItemProxy section */
		13B70A4B1B8E130C001F2D81 /* PBXContainerItemProxy */ = {
			isa = PBXContainerItemProxy;
			containerPortal = 13B70A291B8E130C001F2D81 /* Project object */;
			proxyType = 1;
			remoteGlobalIDString = 13B70A301B8E130C001F2D81;
			remoteInfo = AppA;
		};
/* End PBXContainerItemProxy section */

/* Begin PBXFileReference section */
		13B70A311B8E130C001F2D81 /* AppA.app */ = {isa = PBXFileReference; explicitFileType = wrapper.application; includeInIndex = 0; path = AppA.app; sourceTree = BUILT_PRODUCTS_DIR; };
		13B70A351B8E130C001F2D81 /* Info.plist */ = {isa = PBXFileReference; lastKnownFileType = text.plist.xml; path = Info.plist; sourceTree = "<group>"; };
		13B70A361B8E130C001F2D81 /* main.m */ = {isa = PBXFileReference; lastKnownFileType = sourcecode.c.objc; path = main.m; sourceTree = "<group>"; };
		13B70A381B8E130C001F2D81 /* AppDelegate.h */ = {isa = PBXFileReference; lastKnownFileType = sourcecode.c.h; path = AppDelegate.h; sourceTree = "<group>"; };
		13B70A391B8E130C001F2D81 /* AppDelegate.m */ = {isa = PBXFileReference; lastKnownFileType = sourcecode.c.objc; path = AppDelegate.m; sourceTree = "<group>"; };
		13B70A3B1B8E130C001F2D81 /* ViewController.h */ = {isa = PBXFileReference; lastKnownFileType = sourcecode.c.h; path = ViewController.h; sourceTree = "<group>"; };
		13B70A3C1B8E130C001F2D81 /* ViewController.m */ = {isa = PBXFileReference; lastKnownFileType = sourcecode.c.objc; path = ViewController.m; sourceTree = "<group>"; };
		13B70A3F1B8E130C001F2D81 /* Base */ = {isa = PBXFileReference; lastKnownFileType = file.storyboard; name = Base; path = Base.lproj/Main.storyboard; sourceTree = "<group>"; };
		13B70A411B8E130C001F2D81 /* Images.xcassets */ = {isa = PBXFileReference; lastKnownFileType = folder.assetcatalog; path = Images.xcassets; sourceTree = "<group>"; };
		13B70A441B8E130C001F2D81 /* Base */ = {isa = PBXFileReference; lastKnownFileType = file.xib; name = Base; path = Base.lproj/LaunchScreen.xib; sourceTree = "<group>"; };
		13B70A4A1B8E130C001F2D81 /* AppATests.xctest */ = {isa = PBXFileReference; explicitFileType = wrapper.cfbundle; includeInIndex = 0; path = AppATests.xctest; sourceTree = BUILT_PRODUCTS_DIR; };
		13B70A4F1B8E130C001F2D81 /* Info.plist */ = {isa = PBXFileReference; lastKnownFileType = text.plist.xml; path = Info.plist; sourceTree = "<group>"; };
		13B70A501B8E130C001F2D81 /* AppATests.m */ = {isa = PBXFileReference; lastKnownFileType = sourcecode.c.objc; path = AppATests.m; sourceTree = "<group>"; };
/* End PBXFileReference section */

/* Begin PBXFrameworksBuildPhase section */
		13B70A2E1B8E130C001F2D81 /* Frameworks */ = {
			isa = PBXFrameworksBuildPhase;
			buildActionMask = 2147483647;
			files = (
			);
			runOnlyForDeploymentPostprocessing = 0;
		};
		13B70A471B8E130C001F2D81 /* Frameworks */ = {
			isa = PBXFrameworksBuildPhase;
			buildActionMask = 2147483647;
			files = (
			);
			runOnlyForDeploymentPostprocessing = 0;
		};
/* End PBXFrameworksBuildPhase section */

/* Begin PBXGroup section */
		13B70A281B8E130C001F2D81 = {
			isa = PBXGroup;
			children = (
				13B70A331B8E130C001F2D81 /* AppA */,
				13B70A4D1B8E130C001F2D81 /* AppATests */,
				13B70A321B8E130C001F2D81 /* Products */,
			);
			sourceTree = "<group>";
		};
		13B70A321B8E130C001F2D81 /* Products */ = {
			isa = PBXGroup;
			children = (
				13B70A311B8E130C001F2D81 /* AppA.app */,
				13B70A4A1B8E130C001F2D81 /* AppATests.xctest */,
			);
			name = Products;
			sourceTree = "<group>";
		};
		13B70A331B8E130C001F2D81 /* AppA */ = {
			isa = PBXGroup;
			children = (
				13B70A381B8E130C001F2D81 /* AppDelegate.h */,
				13B70A391B8E130C001F2D81 /* AppDelegate.m */,
				13B70A3B1B8E130C001F2D81 /* ViewController.h */,
				13B70A3C1B8E130C001F2D81 /* ViewController.m */,
				13B70A3E1B8E130C001F2D81 /* Main.storyboard */,
				13B70A411B8E130C001F2D81 /* Images.xcassets */,
				13B70A431B8E130C001F2D81 /* LaunchScreen.xib */,
				13B70A341B8E130C001F2D81 /* Supporting Files */,
			);
			path = AppA;
			sourceTree = "<group>";
		};
		13B70A341B8E130C001F2D81 /* Supporting Files */ = {
			isa = PBXGroup;
			children = (
				13B70A351B8E130C001F2D81 /* Info.plist */,
				13B70A361B8E130C001F2D81 /* main.m */,
			);
			name = "Supporting Files";
			sourceTree = "<group>";
		};
		13B70A4D1B8E130C001F2D81 /* AppATests */ = {
			isa = PBXGroup;
			children = (
				13B70A501B8E130C001F2D81 /* AppATests.m */,
				13B70A4E1B8E130C001F2D81 /* Supporting Files */,
			);
			path = AppATests;
			sourceTree = "<group>";
		};
		13B70A4E1B8E130C001F2D81 /* Supporting Files */ = {
			isa = PBXGroup;
			children = (
				13B70A4F1B8E130C001F2D81 /* Info.plist */,
			);
			name = "Supporting Files";
			sourceTree = "<group>";
		};
/* End PBXGroup section */

/* Begin PBXNativeTarget section */
		13B70A301B8E130C001F2D81 /* AppA */ = {
			isa = PBXNativeTarget;
			buildConfigurationList = 13B70A541B8E130C001F2D81 /* Build configuration list for PBXNativeTarget "AppA" */;
			buildPhases = (
				13B70A2D1B8E130C001F2D81 /* Sources */,
				13B70A2E1B8E130C001F2D81 /* Frameworks */,
				13B70A2F1B8E130C001F2D81 /* Resources */,
			);
			buildRules = (
			);
			dependencies = (
			);
			name = AppA;
			productName = AppA;
			productReference = 13B70A311B8E130C001F2D81 /* AppA.app */;
			productType = "com.apple.product-type.application";
		};
		13B70A491B8E130C001F2D81 /* AppATests */ = {
			isa = PBXNativeTarget;
			buildConfigurationList = 13B70A571B8E130C001F2D81 /* Build configuration list for PBXNativeTarget "AppATests" */;
			buildPhases = (
				13B70A461B8E130C001F2D81 /* Sources */,
				13B70A471B8E130C001F2D81 /* Frameworks */,
				13B70A481B8E130C001F2D81 /* Resources */,
			);
			buildRules = (
			);
			dependencies = (
				13B70A4C1B8E130C001F2D81 /* PBXTargetDependency */,
			);
			name = AppATests;
			productName = AppATests;
			productReference = 13B70A4A1B8E130C001F2D81 /* AppATests.xctest */;
			productType = "com.apple.product-type.bundle.unit-test";
		};
/* End PBXNativeTarget section */

/* Begin PBXProject section */
		13B70A291B8E130C001F2D81 /* Project object */ = {
			isa = PBXProject;
			attributes = {
				LastUpgradeCheck = 0640;
				ORGANIZATIONNAME = "Nguyen Minh Khue";
				TargetAttributes = {
					13B70A301B8E130C001F2D81 = {
						CreatedOnToolsVersion = 6.4;
					};
					13B70A491B8E130C001F2D81 = {
						CreatedOnToolsVersion = 6.4;
						TestTargetID = 13B70A301B8E130C001F2D81;
					};
				};
			};
			buildConfigurationList = 13B70A2C1B8E130C001F2D81 /* Build configuration list for PBXProject "AppA" */;
			compatibilityVersion = "Xcode 3.2";
			developmentRegion = English;
			hasScannedForEncodings = 0;
			knownRegions = (
				en,
				Base,
			);
			mainGroup = 13B70A281B8E130C001F2D81;
			productRefGroup = 13B70A321B8E130C001F2D81 /* Products */;
			projectDirPath = "";
			projectRoot = "";
			targets = (
				13B70A301B8E130C001F2D81 /* AppA */,
				13B70A491B8E130C001F2D81 /* AppATests */,
			);
		};
/* End PBXProject section */

/* Begin PBXResourcesBuildPhase section */
		13B70A2F1B8E130C001F2D81 /* Resources */ = {
			isa = PBXResourcesBuildPhase;
			buildActionMask = 2147483647;
			files = (
				13B70A401B8E130C001F2D81 /* Main.storyboard in Resources */,
				13B70A451B8E130C001F2D81 /* LaunchScreen.xib in Resources */,
				13B70A421B8E130C001F2D81 /* Images.xcassets in Resources */,
			);
			runOnlyForDeploymentPostprocessing = 0;
		};
		13B70A481B8E130C001F2D81 /* Resources */ = {
			isa = PBXResourcesBuildPhase;
			buildActionMask = 2147483647;
			files = (
			);
			runOnlyForDeploymentPostprocessing = 0;
		};
/* End PBXResourcesBuildPhase section */

/* Begin PBXSourcesBuildPhase section */
		13B70A2D1B8E130C001F2D81 /* Sources */ = {
			isa = PBXSourcesBuildPhase;
			buildActionMask = 2147483647;
			files = (
				13B70A3D1B8E130C001F2D81 /* ViewController.m in Sources */,
				13B70A3A1B8E130C001F2D81 /* AppDelegate.m in Sources */,
				13B70A371B8E130C001F2D81 /* main.m in Sources */,
			);
			runOnlyForDeploymentPostprocessing = 0;
		};
		13B70A461B8E130C001F2D81 /* Sources */ = {
			isa = PBXSourcesBuildPhase;
			buildActionMask = 2147483647;
			files = (
				13B70A511B8E130C001F2D81 /* AppATests.m in Sources */,
			);
			runOnlyForDeploymentPostprocessing = 0;
		};
/* End PBXSourcesBuildPhase section */

/* Begin PBXTargetDependency section */
		13B70A4C1B8E130C001F2D81 /* PBXTargetDependency */ = {
			isa = PBXTargetDependency;
			target = 13B70A301B8E130C001F2D81 /* AppA */;
			targetProxy = 13B70A4B1B8E130C001F2D81 /* PBXContainerItemProxy */;
		};
/* End PBXTargetDependency section */

/* Begin PBXVariantGroup section */
		13B70A3E1B8E130C001F2D81 /* Main.storyboard */ = {
			isa = PBXVariantGroup;
			children = (
				13B70A3F1B8E130C001F2D81 /* Base */,
			);
			name = Main.storyboard;
			sourceTree = "<group>";
		};
		13B70A431B8E130C001F2D81 /* LaunchScreen.xib */ = {
			isa = PBXVariantGroup;
			children = (
				13B70A441B8E130C001F2D81 /* Base */,
			);
			name = LaunchScreen.xib;
			sourceTree = "<group>";
		};
/* End PBXVariantGroup section */

/* Begin XCBuildConfiguration section */
		13B70A521B8E130C001F2D81 /* Debug */ = {
			isa = XCBuildConfiguration;
			buildSettings = {
				ALWAYS_SEARCH_USER_PATHS = NO;
				CLANG_CXX_LANGUAGE_STANDARD = "gnu++0x";
				CLANG_CXX_LIBRARY = "libc++";
				CLANG_ENABLE_MODULES = YES;
				CLANG_ENABLE_OBJC_ARC = YES;
				CLANG_WARN_BOOL_CONVERSION = YES;
				CLANG_WARN_CONSTANT_CONVERSION = YES;
				CLANG_WARN_DIRECT_OBJC_ISA_USAGE = YES_ERROR;
				CLANG_WARN_EMPTY_BODY = YES;
				CLANG_WARN_ENUM_CONVERSION = YES;
				CLANG_WARN_INT_CONVERSION = YES;
				CLANG_WARN_OBJC_ROOT_CLASS = YES_ERROR;
				CLANG_WARN_UNREACHABLE_CODE = YES;
				CLANG_WARN__DUPLICATE_METHOD_MATCH = YES;
				"CODE_SIGN_IDENTITY[sdk=iphoneos*]" = "iPhone Developer";
				COPY_PHASE_STRIP = NO;
				DEBUG_INFORMATION_FORMAT = "dwarf-with-dsym";
				ENABLE_STRICT_OBJC_MSGSEND = YES;
				GCC_C_LANGUAGE_STANDARD = gnu99;
				GCC_DYNAMIC_NO_PIC = NO;
				GCC_NO_COMMON_BLOCKS = YES;
				GCC_OPTIMIZATION_LEVEL = 0;
				GCC_PREPROCESSOR_DEFINITIONS = (
					"DEBUG=1",
					"$(inherited)",
				);
				GCC_SYMBOLS_PRIVATE_EXTERN = NO;
				GCC_WARN_64_TO_32_BIT_CONVERSION = YES;
				GCC_WARN_ABOUT_RETURN_TYPE = YES_ERROR;
				GCC_WARN_UNDECLARED_SELECTOR = YES;
				GCC_WARN_UNINITIALIZED_AUTOS = YES_AGGRESSIVE;
				GCC_WARN_UNUSED_FUNCTION = YES;
				GCC_WARN_UNUSED_VARIABLE = YES;
				IPHONEOS_DEPLOYMENT_TARGET = 8.4;
				MTL_ENABLE_DEBUG_INFO = YES;
				ONLY_ACTIVE_ARCH = YES;
				SDKROOT = iphoneos;
			};
			name = Debug;
		};
		13B70A531B8E130C001F2D81 /* Release */ = {
			isa = XCBuildConfiguration;
			buildSettings = {
				ALWAYS_SEARCH_USER_PATHS = NO;
				CLANG_CXX_LANGUAGE_STANDARD = "gnu++0x";
				CLANG_CXX_LIBRARY = "libc++";
				CLANG_ENABLE_MODULES = YES;
				CLANG_ENABLE_OBJC_ARC = YES;
				CLANG_WARN_BOOL_CONVERSION = YES;
				CLANG_WARN_CONSTANT_CONVERSION = YES;
				CLANG_WARN_DIRECT_OBJC_ISA_USAGE = YES_ERROR;
				CLANG_WARN_EMPTY_BODY = YES;
				CLANG_WARN_ENUM_CONVERSION = YES;
				CLANG_WARN_INT_CONVERSION = YES;
				CLANG_WARN_OBJC_ROOT_CLASS = YES_ERROR;
				CLANG_WARN_UNREACHABLE_CODE = YES;
				CLANG_WARN__DUPLICATE_METHOD_MATCH = YES;
				"CODE_SIGN_IDENTITY[sdk=iphoneos*]" = "iPhone Developer";
				COPY_PHASE_STRIP = NO;
				DEBUG_INFORMATION_FORMAT = "dwarf-with-dsym";
				ENABLE_NS_ASSERTIONS = NO;
				ENABLE_STRICT_OBJC_MSGSEND = YES;
				GCC_C_LANGUAGE_STANDARD = gnu99;
				GCC_NO_COMMON_BLOCKS = YES;
				GCC_WARN_64_TO_32_BIT_CONVERSION = YES;
				GCC_WARN_ABOUT_RETURN_TYPE = YES_ERROR;
				GCC_WARN_UNDECLARED_SELECTOR = YES;
				GCC_WARN_UNINITIALIZED_AUTOS = YES_AGGRESSIVE;
				GCC_WARN_UNUSED_FUNCTION = YES;
				GCC_WARN_UNUSED_VARIABLE = YES;
				IPHONEOS_DEPLOYMENT_TARGET = 8.4;
				MTL_ENABLE_DEBUG_INFO = NO;
				SDKROOT = iphoneos;
				VALIDATE_PRODUCT = YES;
			};
			name = Release;
		};
		13B70A551B8E130C001F2D81 /* Debug */ = {
			isa = XCBuildConfiguration;
			buildSettings = {
				ASSETCATALOG_COMPILER_APPICON_NAME = AppIcon;
				INFOPLIST_FILE = AppA/Info.plist;
				LD_RUNPATH_SEARCH_PATHS = "$(inherited) @executable_path/Frameworks";
				PRODUCT_NAME = "$(TARGET_NAME)";
			};
			name = Debug;
		};
		13B70A561B8E130C001F2D81 /* Release */ = {
			isa = XCBuildConfiguration;
			buildSettings = {
				ASSETCATALOG_COMPILER_APPICON_NAME = AppIcon;
				INFOPLIST_FILE = AppA/Info.plist;
				LD_RUNPATH_SEARCH_PATHS = "$(inherited) @executable_path/Frameworks";
				PRODUCT_NAME = "$(TARGET_NAME)";
			};
			name = Release;
		};
		13B70A581B8E130C001F2D81 /* Debug */ = {
			isa = XCBuildConfiguration;
			buildSettings = {
				BUNDLE_LOADER = "$(TEST_HOST)";
				FRAMEWORK_SEARCH_PATHS = (
					"$(SDKROOT)/Developer/Library/Frameworks",
					"$(inherited)",
				);
				GCC_PREPROCESSOR_DEFINITIONS = (
					"DEBUG=1",
					"$(inherited)",
				);
				INFOPLIST_FILE = AppATests/Info.plist;
				LD_RUNPATH_SEARCH_PATHS = "$(inherited) @executable_path/Frameworks @loader_path/Frameworks";
				PRODUCT_NAME = "$(TARGET_NAME)";
				TEST_HOST = "$(BUILT_PRODUCTS_DIR)/AppA.app/AppA";
			};
			name = Debug;
		};
		13B70A591B8E130C001F2D81 /* Release */ = {
			isa = XCBuildConfiguration;
			buildSettings = {
				BUNDLE_LOADER = "$(TEST_HOST)";
				FRAMEWORK_SEARCH_PATHS = (
					"$(SDKROOT)/Developer/Library/Frameworks",
					"$(inherited)",
				);
				INFOPLIST_FILE = AppATests/Info.plist;
				LD_RUNPATH_SEARCH_PATHS = "$(inherited) @executable_path/Frameworks @loader_path/Frameworks";
				PRODUCT_NAME = "$(TARGET_NAME)";
				TEST_HOST = "$(BUILT_PRODUCTS_DIR)/AppA.app/AppA";
			};
			name = Release;
		};
/* End XCBuildConfiguration section */

/* Begin XCConfigurationList section */
		13B70A2C1B8E130C001F2D81 /* Build configuration list for PBXProject "AppA" */ = {
			isa = XCConfigurationList;
			buildConfigurations = (
				13B70A521B8E130C001F2D81 /* Debug */,
				13B70A531B8E130C001F2D81 /* Release */,
			);
			defaultConfigurationIsVisible = 0;
			defaultConfigurationName = Release;
		};
		13B70A541B8E130C001F2D81 /* Build configuration list for PBXNativeTarget "AppA" */ = {
			isa = XCConfigurationList;
			buildConfigurations = (
				13B70A551B8E130C001F2D81 /* Debug */,
				13B70A561B8E130C001F2D81 /* Release */,
			);
			defaultConfigurationIsVisible = 0;
		};
		13B70A571B8E130C001F2D81 /* Build configuration list for PBXNativeTarget "AppATests" */ = {
			isa = XCConfigurationList;
			buildConfigurations = (
				13B70A581B8E130C001F2D81 /* Debug */,
				13B70A591B8E130C001F2D81 /* Release */,
			);
			defaultConfigurationIsVisible = 0;
		};
/* End XCConfigurationList section */
	};
	rootObject = 13B70A291B8E130C001F2D81 /* Project object */;
}
